{
  "nodes": {
    "home-manager": {
      "inputs": {
        "nixpkgs": [
          "nixpkgs"
        ]
      },
      "locked": {
        "lastModified": 1695108154,
        "narHash": "sha256-gSg7UTVtls2yO9lKtP0yb66XBHT1Fx5qZSZbGMpSn2c=",
        "owner": "nix-community",
        "repo": "home-manager",
        "rev": "07682fff75d41f18327a871088d20af2710d4744",
        "type": "github"
      },
      "original": {
        "owner": "nix-community",
        "ref": "release-23.05",
        "repo": "home-manager",
        "type": "github"
      }
    },
    "nixpkgs": {
      "locked": {
        "lastModified": 1695346609,
        "narHash": "sha256-jur+AjgRvablLA2oBvC4FD89zCXttVQDwi6OXk5x/14=",
        "owner": "nixos",
        "repo": "nixpkgs",
        "rev": "e9b4b56e5a20ac322c0c01ccab7ec697ab076ea0",
        "type": "github"
      },
      "original": {
        "owner": "nixos",
        "ref": "nixos-23.05",
        "repo": "nixpkgs",
        "type": "github"
      }
    },
    "nur": {
      "locked": {
        "lastModified": 1695505500,
        "narHash": "sha256-Tmi1wcCiJ5hVSrYVBbW9oxm+YDWWH2xrLFBk1AWi6I4=",
        "owner": "nix-community",
        "repo": "NUR",
        "rev": "e7cccb35b745abbdef3f3860e68d41a104bcfaa2",
        "type": "github"
      },
      "original": {
        "owner": "nix-community",
        "repo": "NUR",
        "type": "github"
      }
    },
    "root": {
      "inputs": {
        "home-manager": "home-manager",
        "nixpkgs": "nixpkgs",
        "nur": "nur"
      }
    }
  },
  "root": "root",
  "version": 7
}
